// !$*UTF8*$!
{
	archiveVersion = 1;
	classes = {
	};
	objectVersion = 50;
	objects = {

/* Begin PBXBuildFile section */
		2AC1E5B723A0CFC8004E2E63 /* AppDelegate.swift in Sources */ = {isa = PBXBuildFile; fileRef = 2AC1E5B623A0CFC8004E2E63 /* AppDelegate.swift */; };
		2AC1E5B923A0CFC8004E2E63 /* SceneDelegate.swift in Sources */ = {isa = PBXBuildFile; fileRef = 2AC1E5B823A0CFC8004E2E63 /* SceneDelegate.swift */; };
		2AC1E5BB23A0CFC8004E2E63 /* ViewController.swift in Sources */ = {isa = PBXBuildFile; fileRef = 2AC1E5BA23A0CFC8004E2E63 /* ViewController.swift */; };
		2AC1E5BE23A0CFC8004E2E63 /* Main.storyboard in Resources */ = {isa = PBXBuildFile; fileRef = 2AC1E5BC23A0CFC8004E2E63 /* Main.storyboard */; };
		2AC1E5C023A0CFC9004E2E63 /* Assets.xcassets in Resources */ = {isa = PBXBuildFile; fileRef = 2AC1E5BF23A0CFC9004E2E63 /* Assets.xcassets */; };
		2AC1E5C323A0CFC9004E2E63 /* LaunchScreen.storyboard in Resources */ = {isa = PBXBuildFile; fileRef = 2AC1E5C123A0CFC9004E2E63 /* LaunchScreen.storyboard */; };
/* End PBXBuildFile section */

/* Begin PBXFileReference section */
		2AC1E5B323A0CFC8004E2E63 /* Brain Teaser.app */ = {isa = PBXFileReference; explicitFileType = wrapper.application; includeInIndex = 0; path = "Brain Teaser.app"; sourceTree = BUILT_PRODUCTS_DIR; };
		2AC1E5B623A0CFC8004E2E63 /* AppDelegate.swift */ = {isa = PBXFileReference; lastKnownFileType = sourcecode.swift; path = AppDelegate.swift; sourceTree = "<group>"; };
		2AC1E5B823A0CFC8004E2E63 /* SceneDelegate.swift */ = {isa = PBXFileReference; lastKnownFileType = sourcecode.swift; path = SceneDelegate.swift; sourceTree = "<group>"; };
		2AC1E5BA23A0CFC8004E2E63 /* ViewController.swift */ = {isa = PBXFileReference; lastKnownFileType = sourcecode.swift; path = ViewController.swift; sourceTree = "<group>"; };
		2AC1E5BD23A0CFC8004E2E63 /* Base */ = {isa = PBXFileReference; lastKnownFileType = file.storyboard; name = Base; path = Base.lproj/Main.storyboard; sourceTree = "<group>"; };
		2AC1E5BF23A0CFC9004E2E63 /* Assets.xcassets */ = {isa = PBXFileReference; lastKnownFileType = folder.assetcatalog; path = Assets.xcassets; sourceTree = "<group>"; };
		2AC1E5C223A0CFC9004E2E63 /* Base */ = {isa = PBXFileReference; lastKnownFileType = file.storyboard; name = Base; path = Base.lproj/LaunchScreen.storyboard; sourceTree = "<group>"; };
		2AC1E5C423A0CFC9004E2E63 /* Info.plist */ = {isa = PBXFileReference; lastKnownFileType = text.plist.xml; path = Info.plist; sourceTree = "<group>"; };
/* End PBXFileReference section */

/* Begin PBXFrameworksBuildPhase section */
		2AC1E5B023A0CFC8004E2E63 /* Frameworks */ = {
			isa = PBXFrameworksBuildPhase;
			buildActionMask = 2147483647;
			files = (
			);
			runOnlyForDeploymentPostprocessing = 0;
		};
/* End PBXFrameworksBuildPhase section */

/* Begin PBXGroup section */
		2AC1E5AA23A0CFC8004E2E63 = {
			isa = PBXGroup;
			children = (
				2AC1E5B523A0CFC8004E2E63 /* Brain Teaser */,
				2AC1E5B423A0CFC8004E2E63 /* Products */,
			);
			sourceTree = "<group>";
		};
		2AC1E5B423A0CFC8004E2E63 /* Products */ = {
			isa = PBXGroup;
			children = (
				2AC1E5B323A0CFC8004E2E63 /* Brain Teaser.app */,
			);
			name = Products;
			sourceTree = "<group>";
		};
		2AC1E5B523A0CFC8004E2E63 /* Brain Teaser */ = {
			isa = PBXGroup;
			children = (
				2AC1E5B623A0CFC8004E2E63 /* AppDelegate.swift */,
				2AC1E5B823A0CFC8004E2E63 /* SceneDelegate.swift */,
				2AC1E5BA23A0CFC8004E2E63 /* ViewController.swift */,
				2AC1E5BC23A0CFC8004E2E63 /* Main.storyboard */,
				2AC1E5BF23A0CFC9004E2E63 /* Assets.xcassets */,
				2AC1E5C123A0CFC9004E2E63 /* LaunchScreen.storyboard */,
				2AC1E5C423A0CFC9004E2E63 /* Info.plist */,
			);
			path = "Brain Teaser";
			sourceTree = "<group>";
		};
/* End PBXGroup section */

/* Begin PBXNativeTarget section */
		2AC1E5B223A0CFC8004E2E63 /* Brain Teaser */ = {
			isa = PBXNativeTarget;
			buildConfigurationList = 2AC1E5C723A0CFC9004E2E63 /* Build configuration list for PBXNativeTarget "Brain Teaser" */;
			buildPhases = (
				2AC1E5AF23A0CFC8004E2E63 /* Sources */,
				2AC1E5B023A0CFC8004E2E63 /* Frameworks */,
				2AC1E5B123A0CFC8004E2E63 /* Resources */,
			);
			buildRules = (
			);
			dependencies = (
			);
			name = "Brain Teaser";
			productName = "Brain Teaser";
			productReference = 2AC1E5B323A0CFC8004E2E63 /* Brain Teaser.app */;
			productType = "com.apple.product-type.application";
		};
/* End PBXNativeTarget section */

/* Begin PBXProject section */
		2AC1E5AB23A0CFC8004E2E63 /* Project object */ = {
			isa = PBXProject;
			attributes = {
				LastSwiftUpdateCheck = 1110;
				LastUpgradeCheck = 1110;
				ORGANIZATIONNAME = "George Aoyagi";
				TargetAttributes = {
					2AC1E5B223A0CFC8004E2E63 = {
						CreatedOnToolsVersion = 11.1;
					};
				};
			};
			buildConfigurationList = 2AC1E5AE23A0CFC8004E2E63 /* Build configuration list for PBXProject "Brain Teaser" */;
			compatibilityVersion = "Xcode 9.3";
			developmentRegion = en;
			hasScannedForEncodings = 0;
			knownRegions = (
				en,
				Base,
			);
			mainGroup = 2AC1E5AA23A0CFC8004E2E63;
			productRefGroup = 2AC1E5B423A0CFC8004E2E63 /* Products */;
			projectDirPath = "";
			projectRoot = "";
			targets = (
				2AC1E5B223A0CFC8004E2E63 /* Brain Teaser */,
			);
		};
/* End PBXProject section */

/* Begin PBXResourcesBuildPhase section */
		2AC1E5B123A0CFC8004E2E63 /* Resources */ = {
			isa = PBXResourcesBuildPhase;
			buildActionMask = 2147483647;
			files = (
				2AC1E5C323A0CFC9004E2E63 /* LaunchScreen.storyboard in Resources */,
				2AC1E5C023A0CFC9004E2E63 /* Assets.xcassets in Resources */,
				2AC1E5BE23A0CFC8004E2E63 /* Main.storyboard in Resources */,
			);
			runOnlyForDeploymentPostprocessing = 0;
		};
/* End PBXResourcesBuildPhase section */

/* Begin PBXSourcesBuildPhase section */
		2AC1E5AF23A0CFC8004E2E63 /* Sources */ = {
			isa = PBXSourcesBuildPhase;
			buildActionMask = 2147483647;
			files = (
				2AC1E5BB23A0CFC8004E2E63 /* ViewController.swift in Sources */,
				2AC1E5B723A0CFC8004E2E63 /* AppDelegate.swift in Sources */,
				2AC1E5B923A0CFC8004E2E63 /* SceneDelegate.swift in Sources */,
			);
			runOnlyForDeploymentPostprocessing = 0;
		};
/* End PBXSourcesBuildPhase section */

/* Begin PBXVariantGroup section */
		2AC1E5BC23A0CFC8004E2E63 /* Main.storyboard */ = {
			isa = PBXVariantGroup;
			children = (
				2AC1E5BD23A0CFC8004E2E63 /* Base */,
			);
			name = Main.storyboard;
			sourceTree = "<group>";
		};
		2AC1E5C123A0CFC9004E2E63 /* LaunchScreen.storyboard */ = {
			isa = PBXVariantGroup;
			children = (
				2AC1E5C223A0CFC9004E2E63 /* Base */,
			);
			name = LaunchScreen.storyboard;
			sourceTree = "<group>";
		};
/* End PBXVariantGroup section */

/* Begin XCBuildConfiguration section */
		2AC1E5C523A0CFC9004E2E63 /* Debug */ = {
			isa = XCBuildConfiguration;
			buildSettings = {
				ALWAYS_SEARCH_USER_PATHS = NO;
				CLANG_ANALYZER_NONNULL = YES;
				CLANG_ANALYZER_NUMBER_OBJECT_CONVERSION = YES_AGGRESSIVE;
				CLANG_CXX_LANGUAGE_STANDARD = "gnu++14";
				CLANG_CXX_LIBRARY = "libc++";
				CLANG_ENABLE_MODULES = YES;
				CLANG_ENABLE_OBJC_ARC = YES;
				CLANG_ENABLE_OBJC_WEAK = YES;
				CLANG_WARN_BLOCK_CAPTURE_AUTORELEASING = YES;
				CLANG_WARN_BOOL_CONVERSION = YES;
				CLANG_WARN_COMMA = YES;
				CLANG_WARN_CONSTANT_CONVERSION = YES;
				CLANG_WARN_DEPRECATED_OBJC_IMPLEMENTATIONS = YES;
				CLANG_WARN_DIRECT_OBJC_ISA_USAGE = YES_ERROR;
				CLANG_WARN_DOCUMENTATION_COMMENTS = YES;
				CLANG_WARN_EMPTY_BODY = YES;
				CLANG_WARN_ENUM_CONVERSION = YES;
				CLANG_WARN_INFINITE_RECURSION = YES;
				CLANG_WARN_INT_CONVERSION = YES;
				CLANG_WARN_NON_LITERAL_NULL_CONVERSION = YES;
				CLANG_WARN_OBJC_IMPLICIT_RETAIN_SELF = YES;
				CLANG_WARN_OBJC_LITERAL_CONVERSION = YES;
				CLANG_WARN_OBJC_ROOT_CLASS = YES_ERROR;
				CLANG_WARN_RANGE_LOOP_ANALYSIS = YES;
				CLANG_WARN_STRICT_PROTOTYPES = YES;
				CLANG_WARN_SUSPICIOUS_MOVE = YES;
				CLANG_WARN_UNGUARDED_AVAILABILITY = YES_AGGRESSIVE;
				CLANG_WARN_UNREACHABLE_CODE = YES;
				CLANG_WARN__DUPLICATE_METHOD_MATCH = YES;
				COPY_PHASE_STRIP = NO;
				DEBUG_INFORMATION_FORMAT = dwarf;
				ENABLE_STRICT_OBJC_MSGSEND = YES;
				ENABLE_TESTABILITY = YES;
				GCC_C_LANGUAGE_STANDARD = gnu11;
				GCC_DYNAMIC_NO_PIC = NO;
				GCC_NO_COMMON_BLOCKS = YES;
				GCC_OPTIMIZATION_LEVEL = 0;
				GCC_PREPROCESSOR_DEFINITIONS = (
					"DEBUG=1",
					"$(inherited)",
				);
				GCC_WARN_64_TO_32_BIT_CONVERSION = YES;
				GCC_WARN_ABOUT_RETURN_TYPE = YES_ERROR;
				GCC_WARN_UNDECLARED_SELECTOR = YES;
				GCC_WARN_UNINITIALIZED_AUTOS = YES_AGGRESSIVE;
				GCC_WARN_UNUSED_FUNCTION = YES;
				GCC_WARN_UNUSED_VARIABLE = YES;
				IPHONEOS_DEPLOYMENT_TARGET = 13.1;
				MTL_ENABLE_DEBUG_INFO = INCLUDE_SOURCE;
				MTL_FAST_MATH = YES;
				ONLY_ACTIVE_ARCH = YES;
				SDKROOT = iphoneos;
				SWIFT_ACTIVE_COMPILATION_CONDITIONS = DEBUG;
				SWIFT_OPTIMIZATION_LEVEL = "-Onone";
			};
			name = Debug;
		};
		2AC1E5C623A0CFC9004E2E63 /* Release */ = {
			isa = XCBuildConfiguration;
			buildSettings = {
				ALWAYS_SEARCH_USER_PATHS = NO;
				CLANG_ANALYZER_NONNULL = YES;
				CLANG_ANALYZER_NUMBER_OBJECT_CONVERSION = YES_AGGRESSIVE;
				CLANG_CXX_LANGUAGE_STANDARD = "gnu++14";
				CLANG_CXX_LIBRARY = "libc++";
				CLANG_ENABLE_MODULES = YES;
				CLANG_ENABLE_OBJC_ARC = YES;
				CLANG_ENABLE_OBJC_WEAK = YES;
				CLANG_WARN_BLOCK_CAPTURE_AUTORELEASING = YES;
				CLANG_WARN_BOOL_CONVERSION = YES;
				CLANG_WARN_COMMA = YES;
				CLANG_WARN_CONSTANT_CONVERSION = YES;
				CLANG_WARN_DEPRECATED_OBJC_IMPLEMENTATIONS = YES;
				CLANG_WARN_DIRECT_OBJC_ISA_USAGE = YES_ERROR;
				CLANG_WARN_DOCUMENTATION_COMMENTS = YES;
				CLANG_WARN_EMPTY_BODY = YES;
				CLANG_WARN_ENUM_CONVERSION = YES;
				CLANG_WARN_INFINITE_RECURSION = YES;
				CLANG_WARN_INT_CONVERSION = YES;
				CLANG_WARN_NON_LITERAL_NULL_CONVERSION = YES;
				CLANG_WARN_OBJC_IMPLICIT_RETAIN_SELF = YES;
				CLANG_WARN_OBJC_LITERAL_CONVERSION = YES;
				CLANG_WARN_OBJC_ROOT_CLASS = YES_ERROR;
				CLANG_WARN_RANGE_LOOP_ANALYSIS = YES;
				CLANG_WARN_STRICT_PROTOTYPES = YES;
				CLANG_WARN_SUSPICIOUS_MOVE = YES;
				CLANG_WARN_UNGUARDED_AVAILABILITY = YES_AGGRESSIVE;
				CLANG_WARN_UNREACHABLE_CODE = YES;
				CLANG_WARN__DUPLICATE_METHOD_MATCH = YES;
				COPY_PHASE_STRIP = NO;
				DEBUG_INFORMATION_FORMAT = "dwarf-with-dsym";
				ENABLE_NS_ASSERTIONS = NO;
				ENABLE_STRICT_OBJC_MSGSEND = YES;
				GCC_C_LANGUAGE_STANDARD = gnu11;
				GCC_NO_COMMON_BLOCKS = YES;
				GCC_WARN_64_TO_32_BIT_CONVERSION = YES;
				GCC_WARN_ABOUT_RETURN_TYPE = YES_ERROR;
				GCC_WARN_UNDECLARED_SELECTOR = YES;
				GCC_WARN_UNINITIALIZED_AUTOS = YES_AGGRESSIVE;
				GCC_WARN_UNUSED_FUNCTION = YES;
				GCC_WARN_UNUSED_VARIABLE = YES;
				IPHONEOS_DEPLOYMENT_TARGET = 13.1;
				MTL_ENABLE_DEBUG_INFO = NO;
				MTL_FAST_MATH = YES;
				SDKROOT = iphoneos;
				SWIFT_COMPILATION_MODE = wholemodule;
				SWIFT_OPTIMIZATION_LEVEL = "-O";
				VALIDATE_PRODUCT = YES;
			};
			name = Release;
		};
		2AC1E5C823A0CFC9004E2E63 /* Debug */ = {
			isa = XCBuildConfiguration;
			buildSettings = {
				ASSETCATALOG_COMPILER_APPICON_NAME = AppIcon;
				CODE_SIGN_STYLE = Automatic;
				INFOPLIST_FILE = "Brain Teaser/Info.plist";
				LD_RUNPATH_SEARCH_PATHS = (
					"$(inherited)",
					"@executable_path/Frameworks",
				);
				PRODUCT_BUNDLE_IDENTIFIER = "Mob1.1.Brain-Teaser";
				PRODUCT_NAME = "$(TARGET_NAME)";
				SWIFT_VERSION = 5.0;
				TARGETED_DEVICE_FAMILY = "1,2";
			};
			name = Debug;
		};
		2AC1E5C923A0CFC9004E2E63 /* Release */ = {
			isa = XCBuildConfiguration;
			buildSettings = {
				ASSETCATALOG_COMPILER_APPICON_NAME = AppIcon;
				CODE_SIGN_STYLE = Automatic;
				INFOPLIST_FILE = "Brain Teaser/Info.plist";
				LD_RUNPATH_SEARCH_PATHS = (
					"$(inherited)",
					"@executable_path/Frameworks",
				);
				PRODUCT_BUNDLE_IDENTIFIER = "Mob1.1.Brain-Teaser";
				PRODUCT_NAME = "$(TARGET_NAME)";
				SWIFT_VERSION = 5.0;
				TARGETED_DEVICE_FAMILY = "1,2";
			};
			name = Release;
		};
/* End XCBuildConfiguration section */

/* Begin XCConfigurationList section */
		2AC1E5AE23A0CFC8004E2E63 /* Build configuration list for PBXProject "Brain Teaser" */ = {
			isa = XCConfigurationList;
			buildConfigurations = (
				2AC1E5C523A0CFC9004E2E63 /* Debug */,
				2AC1E5C623A0CFC9004E2E63 /* Release */,
			);
			defaultConfigurationIsVisible = 0;
			defaultConfigurationName = Release;
		};
		2AC1E5C723A0CFC9004E2E63 /* Build configuration list for PBXNativeTarget "Brain Teaser" */ = {
			isa = XCConfigurationList;
			buildConfigurations = (
				2AC1E5C823A0CFC9004E2E63 /* Debug */,
				2AC1E5C923A0CFC9004E2E63 /* Release */,
			);
			defaultConfigurationIsVisible = 0;
			defaultConfigurationName = Release;
		};
/* End XCConfigurationList section */
	};
	rootObject = 2AC1E5AB23A0CFC8004E2E63 /* Project object */;
}
